
Microsoft Visual Studio Solution File, Format Version 12.00
# Visual Studio Version 16
VisualStudioVersion = 16.0.31829.152
MinimumVisualStudioVersion = 10.0.40219.1
Project("{FAE04EC0-301F-11D3-BF4B-00C04F79EFBC}") = "TestDataBase", "TestDataBase\TestDataBase.csproj", "{CEA00B31-5977-4134-9972-45D121DAAB46}"
EndProject
Global
	GlobalSection(SolutionConfigurationPlatforms) = preSolution
		Debug|Any CPU = Debug|Any CPU
		Release|Any CPU = Release|Any CPU
	EndGlobalSection
	GlobalSection(ProjectConfigurationPlatforms) = postSolution
		{CEA00B31-5977-4134-9972-45D121DAAB46}.Debug|Any CPU.ActiveCfg = Debug|Any CPU
		{CEA00B31-5977-4134-9972-45D121DAAB46}.Debug|Any CPU.Build.0 = Debug|Any CPU
		{CEA00B31-5977-4134-9972-45D121DAAB46}.Release|Any CPU.ActiveCfg = Release|Any CPU
		{CEA00B31-5977-4134-9972-45D121DAAB46}.Release|Any CPU.Build.0 = Release|Any CPU
	EndGlobalSection
	GlobalSection(SolutionProperties) = preSolution
		HideSolutionNode = FALSE
	EndGlobalSection
	GlobalSection(ExtensibilityGlobals) = postSolution
		SolutionGuid = {6BDCFD71-3CF2-4AB7-8B0C-8E39B0F1EADC}
	EndGlobalSection
EndGlobal
